
Microsoft Visual Studio Solution File, Format Version 12.00
# Visual Studio Version 16
VisualStudioVersion = 16.0.31025.194
MinimumVisualStudioVersion = 10.0.40219.1
Project("{FAE04EC0-301F-11D3-BF4B-00C04F79EFBC}") = "yazgellab2proj2", "yazgellab2proj2\yazgellab2proj2.csproj", "{95384AB4-3873-454B-8346-F01BC33E3350}"
EndProject
Global
	GlobalSection(SolutionConfigurationPlatforms) = preSolution
		Debug|Any CPU = Debug|Any CPU
		Release|Any CPU = Release|Any CPU
	EndGlobalSection
	GlobalSection(ProjectConfigurationPlatforms) = postSolution
		{95384AB4-3873-454B-8346-F01BC33E3350}.Debug|Any CPU.ActiveCfg = Debug|Any CPU
		{95384AB4-3873-454B-8346-F01BC33E3350}.Debug|Any CPU.Build.0 = Debug|Any CPU
		{95384AB4-3873-454B-8346-F01BC33E3350}.Release|Any CPU.ActiveCfg = Release|Any CPU
		{95384AB4-3873-454B-8346-F01BC33E3350}.Release|Any CPU.Build.0 = Release|Any CPU
	EndGlobalSection
	GlobalSection(SolutionProperties) = preSolution
		HideSolutionNode = FALSE
	EndGlobalSection
	GlobalSection(ExtensibilityGlobals) = postSolution
		SolutionGuid = {B7D22650-9004-4FE6-8FE9-2A244C4C2DC5}
	EndGlobalSection
EndGlobal
